// !$*UTF8*$!
{
	archiveVersion = 1;
	classes = {
	};
	objectVersion = 55;
	objects = {

/* Begin PBXBuildFile section */
		2C45C5892BAA176E00F353DF /* IsisterApp.swift in Sources */ = {isa = PBXBuildFile; fileRef = 2C45C5882BAA176E00F353DF /* IsisterApp.swift */; };
		2C45C58B2BAA176E00F353DF /* LoginView.swift in Sources */ = {isa = PBXBuildFile; fileRef = 2C45C58A2BAA176E00F353DF /* LoginView.swift */; };
		2C45C58D2BAA177000F353DF /* Assets.xcassets in Resources */ = {isa = PBXBuildFile; fileRef = 2C45C58C2BAA177000F353DF /* Assets.xcassets */; };
		2C45C5902BAA177000F353DF /* Preview Assets.xcassets in Resources */ = {isa = PBXBuildFile; fileRef = 2C45C58F2BAA177000F353DF /* Preview Assets.xcassets */; };
		2C45C5952BAA177100F353DF /* Isister.xcdatamodeld in Sources */ = {isa = PBXBuildFile; fileRef = 2C45C5932BAA177100F353DF /* Isister.xcdatamodeld */; };
		2C45C59C2BAA19AD00F353DF /* HomeView.swift in Sources */ = {isa = PBXBuildFile; fileRef = 2C45C59B2BAA19AD00F353DF /* HomeView.swift */; };
		2C45C5B42BAB5F1700F353DF /* Localizable.strings in Resources */ = {isa = PBXBuildFile; fileRef = 2C45C5B62BAB5F1700F353DF /* Localizable.strings */; };
		2C45C5BB2BAB601900F353DF /* Auth.swift in Sources */ = {isa = PBXBuildFile; fileRef = 2C45C5BA2BAB601900F353DF /* Auth.swift */; };
		2C45C5BD2BAB602900F353DF /* NewAuth.swift in Sources */ = {isa = PBXBuildFile; fileRef = 2C45C5BC2BAB602900F353DF /* NewAuth.swift */; };
		2C45C5BF2BAB603900F353DF /* IsisterServer.swift in Sources */ = {isa = PBXBuildFile; fileRef = 2C45C5BE2BAB603900F353DF /* IsisterServer.swift */; };
		2C45C5C22BAB617C00F353DF /* Alamofire in Frameworks */ = {isa = PBXBuildFile; productRef = 2C45C5C12BAB617C00F353DF /* Alamofire */; };
		2C45C5C52BACA83A00F353DF /* Credential+CoreDataClass.swift in Sources */ = {isa = PBXBuildFile; fileRef = 2C45C5C32BACA83A00F353DF /* Credential+CoreDataClass.swift */; };
		2C45C5C62BACA83A00F353DF /* Credential+CoreDataProperties.swift in Sources */ = {isa = PBXBuildFile; fileRef = 2C45C5C42BACA83A00F353DF /* Credential+CoreDataProperties.swift */; };
		2C45C5C82BACA8BB00F353DF /* DataManager.swift in Sources */ = {isa = PBXBuildFile; fileRef = 2C45C5C72BACA8BB00F353DF /* DataManager.swift */; };
/* End PBXBuildFile section */

/* Begin PBXFileReference section */
		2C45C5852BAA176E00F353DF /* Isister.app */ = {isa = PBXFileReference; explicitFileType = wrapper.application; includeInIndex = 0; path = Isister.app; sourceTree = BUILT_PRODUCTS_DIR; };
		2C45C5882BAA176E00F353DF /* IsisterApp.swift */ = {isa = PBXFileReference; lastKnownFileType = sourcecode.swift; path = IsisterApp.swift; sourceTree = "<group>"; };
		2C45C58A2BAA176E00F353DF /* LoginView.swift */ = {isa = PBXFileReference; lastKnownFileType = sourcecode.swift; path = LoginView.swift; sourceTree = "<group>"; };
		2C45C58C2BAA177000F353DF /* Assets.xcassets */ = {isa = PBXFileReference; lastKnownFileType = folder.assetcatalog; path = Assets.xcassets; sourceTree = "<group>"; };
		2C45C58F2BAA177000F353DF /* Preview Assets.xcassets */ = {isa = PBXFileReference; lastKnownFileType = folder.assetcatalog; path = "Preview Assets.xcassets"; sourceTree = "<group>"; };
		2C45C5942BAA177100F353DF /* Isister.xcdatamodel */ = {isa = PBXFileReference; lastKnownFileType = wrapper.xcdatamodel; path = Isister.xcdatamodel; sourceTree = "<group>"; };
		2C45C59B2BAA19AD00F353DF /* HomeView.swift */ = {isa = PBXFileReference; lastKnownFileType = sourcecode.swift; path = HomeView.swift; sourceTree = "<group>"; };
		2C45C5B52BAB5F1700F353DF /* en */ = {isa = PBXFileReference; lastKnownFileType = text.plist.strings; name = en; path = en.lproj/Localizable.strings; sourceTree = "<group>"; };
		2C45C5B72BAB5F1B00F353DF /* es */ = {isa = PBXFileReference; lastKnownFileType = text.plist.strings; name = es; path = es.lproj/Localizable.strings; sourceTree = "<group>"; };
		2C45C5BA2BAB601900F353DF /* Auth.swift */ = {isa = PBXFileReference; lastKnownFileType = sourcecode.swift; path = Auth.swift; sourceTree = "<group>"; };
		2C45C5BC2BAB602900F353DF /* NewAuth.swift */ = {isa = PBXFileReference; lastKnownFileType = sourcecode.swift; path = NewAuth.swift; sourceTree = "<group>"; };
		2C45C5BE2BAB603900F353DF /* IsisterServer.swift */ = {isa = PBXFileReference; lastKnownFileType = sourcecode.swift; path = IsisterServer.swift; sourceTree = "<group>"; };
		2C45C5C32BACA83A00F353DF /* Credential+CoreDataClass.swift */ = {isa = PBXFileReference; lastKnownFileType = sourcecode.swift; path = "Credential+CoreDataClass.swift"; sourceTree = "<group>"; };
		2C45C5C42BACA83A00F353DF /* Credential+CoreDataProperties.swift */ = {isa = PBXFileReference; lastKnownFileType = sourcecode.swift; path = "Credential+CoreDataProperties.swift"; sourceTree = "<group>"; };
		2C45C5C72BACA8BB00F353DF /* DataManager.swift */ = {isa = PBXFileReference; lastKnownFileType = sourcecode.swift; path = DataManager.swift; sourceTree = "<group>"; };
/* End PBXFileReference section */

/* Begin PBXFrameworksBuildPhase section */
		2C45C5822BAA176E00F353DF /* Frameworks */ = {
			isa = PBXFrameworksBuildPhase;
			buildActionMask = 2147483647;
			files = (
				2C45C5C22BAB617C00F353DF /* Alamofire in Frameworks */,
			);
			runOnlyForDeploymentPostprocessing = 0;
		};
/* End PBXFrameworksBuildPhase section */

/* Begin PBXGroup section */
		2C45C57C2BAA176E00F353DF = {
			isa = PBXGroup;
			children = (
				2C45C5C32BACA83A00F353DF /* Credential+CoreDataClass.swift */,
				2C45C5C42BACA83A00F353DF /* Credential+CoreDataProperties.swift */,
				2C45C5872BAA176E00F353DF /* Isister */,
				2C45C5862BAA176E00F353DF /* Products */,
			);
			sourceTree = "<group>";
		};
		2C45C5862BAA176E00F353DF /* Products */ = {
			isa = PBXGroup;
			children = (
				2C45C5852BAA176E00F353DF /* Isister.app */,
			);
			name = Products;
			sourceTree = "<group>";
		};
		2C45C5872BAA176E00F353DF /* Isister */ = {
			isa = PBXGroup;
			children = (
				2C45C5B82BAB5FE900F353DF /* Network */,
				2C45C59D2BAA19E300F353DF /* View */,
				2C45C5882BAA176E00F353DF /* IsisterApp.swift */,
				2C45C58C2BAA177000F353DF /* Assets.xcassets */,
				2C45C5932BAA177100F353DF /* Isister.xcdatamodeld */,
				2C45C58E2BAA177000F353DF /* Preview Content */,
				2C45C5B62BAB5F1700F353DF /* Localizable.strings */,
				2C45C5C72BACA8BB00F353DF /* DataManager.swift */,
			);
			path = Isister;
			sourceTree = "<group>";
		};
		2C45C58E2BAA177000F353DF /* Preview Content */ = {
			isa = PBXGroup;
			children = (
				2C45C58F2BAA177000F353DF /* Preview Assets.xcassets */,
			);
			path = "Preview Content";
			sourceTree = "<group>";
		};
		2C45C59D2BAA19E300F353DF /* View */ = {
			isa = PBXGroup;
			children = (
				2C45C58A2BAA176E00F353DF /* LoginView.swift */,
				2C45C59B2BAA19AD00F353DF /* HomeView.swift */,
			);
			path = View;
			sourceTree = "<group>";
		};
		2C45C5B82BAB5FE900F353DF /* Network */ = {
			isa = PBXGroup;
			children = (
				2C45C5B92BAB5FF600F353DF /* Data */,
				2C45C5BE2BAB603900F353DF /* IsisterServer.swift */,
			);
			path = Network;
			sourceTree = "<group>";
		};
		2C45C5B92BAB5FF600F353DF /* Data */ = {
			isa = PBXGroup;
			children = (
				2C45C5BA2BAB601900F353DF /* Auth.swift */,
				2C45C5BC2BAB602900F353DF /* NewAuth.swift */,
			);
			path = Data;
			sourceTree = "<group>";
		};
/* End PBXGroup section */

/* Begin PBXNativeTarget section */
		2C45C5842BAA176E00F353DF /* Isister */ = {
			isa = PBXNativeTarget;
			buildConfigurationList = 2C45C5982BAA177100F353DF /* Build configuration list for PBXNativeTarget "Isister" */;
			buildPhases = (
				2C45C5812BAA176E00F353DF /* Sources */,
				2C45C5822BAA176E00F353DF /* Frameworks */,
				2C45C5832BAA176E00F353DF /* Resources */,
			);
			buildRules = (
			);
			dependencies = (
			);
			name = Isister;
			packageProductDependencies = (
				2C45C5C12BAB617C00F353DF /* Alamofire */,
			);
			productName = Isister;
			productReference = 2C45C5852BAA176E00F353DF /* Isister.app */;
			productType = "com.apple.product-type.application";
		};
/* End PBXNativeTarget section */

/* Begin PBXProject section */
		2C45C57D2BAA176E00F353DF /* Project object */ = {
			isa = PBXProject;
			attributes = {
				BuildIndependentTargetsInParallel = 1;
				LastSwiftUpdateCheck = 1320;
				LastUpgradeCheck = 1320;
				TargetAttributes = {
					2C45C5842BAA176E00F353DF = {
						CreatedOnToolsVersion = 13.2.1;
					};
				};
			};
			buildConfigurationList = 2C45C5802BAA176E00F353DF /* Build configuration list for PBXProject "Isister" */;
			compatibilityVersion = "Xcode 13.0";
			developmentRegion = en;
			hasScannedForEncodings = 0;
			knownRegions = (
				en,
				Base,
				es,
			);
			mainGroup = 2C45C57C2BAA176E00F353DF;
			packageReferences = (
				2C45C5C02BAB617C00F353DF /* XCRemoteSwiftPackageReference "Alamofire" */,
			);
			productRefGroup = 2C45C5862BAA176E00F353DF /* Products */;
			projectDirPath = "";
			projectRoot = "";
			targets = (
				2C45C5842BAA176E00F353DF /* Isister */,
			);
		};
/* End PBXProject section */

/* Begin PBXResourcesBuildPhase section */
		2C45C5832BAA176E00F353DF /* Resources */ = {
			isa = PBXResourcesBuildPhase;
			buildActionMask = 2147483647;
			files = (
				2C45C5902BAA177000F353DF /* Preview Assets.xcassets in Resources */,
				2C45C5B42BAB5F1700F353DF /* Localizable.strings in Resources */,
				2C45C58D2BAA177000F353DF /* Assets.xcassets in Resources */,
			);
			runOnlyForDeploymentPostprocessing = 0;
		};
/* End PBXResourcesBuildPhase section */

/* Begin PBXSourcesBuildPhase section */
		2C45C5812BAA176E00F353DF /* Sources */ = {
			isa = PBXSourcesBuildPhase;
			buildActionMask = 2147483647;
			files = (
				2C45C5C62BACA83A00F353DF /* Credential+CoreDataProperties.swift in Sources */,
				2C45C5C82BACA8BB00F353DF /* DataManager.swift in Sources */,
				2C45C5C52BACA83A00F353DF /* Credential+CoreDataClass.swift in Sources */,
				2C45C5BD2BAB602900F353DF /* NewAuth.swift in Sources */,
				2C45C5BB2BAB601900F353DF /* Auth.swift in Sources */,
				2C45C58B2BAA176E00F353DF /* LoginView.swift in Sources */,
				2C45C5892BAA176E00F353DF /* IsisterApp.swift in Sources */,
				2C45C59C2BAA19AD00F353DF /* HomeView.swift in Sources */,
				2C45C5952BAA177100F353DF /* Isister.xcdatamodeld in Sources */,
				2C45C5BF2BAB603900F353DF /* IsisterServer.swift in Sources */,
			);
			runOnlyForDeploymentPostprocessing = 0;
		};
/* End PBXSourcesBuildPhase section */

/* Begin PBXVariantGroup section */
		2C45C5B62BAB5F1700F353DF /* Localizable.strings */ = {
			isa = PBXVariantGroup;
			children = (
				2C45C5B52BAB5F1700F353DF /* en */,
				2C45C5B72BAB5F1B00F353DF /* es */,
			);
			name = Localizable.strings;
			sourceTree = "<group>";
		};
/* End PBXVariantGroup section */

/* Begin XCBuildConfiguration section */
		2C45C5962BAA177100F353DF /* Debug */ = {
			isa = XCBuildConfiguration;
			buildSettings = {
				ALWAYS_SEARCH_USER_PATHS = NO;
				CLANG_ANALYZER_NONNULL = YES;
				CLANG_ANALYZER_NUMBER_OBJECT_CONVERSION = YES_AGGRESSIVE;
				CLANG_CXX_LANGUAGE_STANDARD = "gnu++17";
				CLANG_CXX_LIBRARY = "libc++";
				CLANG_ENABLE_MODULES = YES;
				CLANG_ENABLE_OBJC_ARC = YES;
				CLANG_ENABLE_OBJC_WEAK = YES;
				CLANG_WARN_BLOCK_CAPTURE_AUTORELEASING = YES;
				CLANG_WARN_BOOL_CONVERSION = YES;
				CLANG_WARN_COMMA = YES;
				CLANG_WARN_CONSTANT_CONVERSION = YES;
				CLANG_WARN_DEPRECATED_OBJC_IMPLEMENTATIONS = YES;
				CLANG_WARN_DIRECT_OBJC_ISA_USAGE = YES_ERROR;
				CLANG_WARN_DOCUMENTATION_COMMENTS = YES;
				CLANG_WARN_EMPTY_BODY = YES;
				CLANG_WARN_ENUM_CONVERSION = YES;
				CLANG_WARN_INFINITE_RECURSION = YES;
				CLANG_WARN_INT_CONVERSION = YES;
				CLANG_WARN_NON_LITERAL_NULL_CONVERSION = YES;
				CLANG_WARN_OBJC_IMPLICIT_RETAIN_SELF = YES;
				CLANG_WARN_OBJC_LITERAL_CONVERSION = YES;
				CLANG_WARN_OBJC_ROOT_CLASS = YES_ERROR;
				CLANG_WARN_QUOTED_INCLUDE_IN_FRAMEWORK_HEADER = YES;
				CLANG_WARN_RANGE_LOOP_ANALYSIS = YES;
				CLANG_WARN_STRICT_PROTOTYPES = YES;
				CLANG_WARN_SUSPICIOUS_MOVE = YES;
				CLANG_WARN_UNGUARDED_AVAILABILITY = YES_AGGRESSIVE;
				CLANG_WARN_UNREACHABLE_CODE = YES;
				CLANG_WARN__DUPLICATE_METHOD_MATCH = YES;
				COPY_PHASE_STRIP = NO;
				DEBUG_INFORMATION_FORMAT = dwarf;
				ENABLE_STRICT_OBJC_MSGSEND = YES;
				ENABLE_TESTABILITY = YES;
				GCC_C_LANGUAGE_STANDARD = gnu11;
				GCC_DYNAMIC_NO_PIC = NO;
				GCC_NO_COMMON_BLOCKS = YES;
				GCC_OPTIMIZATION_LEVEL = 0;
				GCC_PREPROCESSOR_DEFINITIONS = (
					"DEBUG=1",
					"$(inherited)",
				);
				GCC_WARN_64_TO_32_BIT_CONVERSION = YES;
				GCC_WARN_ABOUT_RETURN_TYPE = YES_ERROR;
				GCC_WARN_UNDECLARED_SELECTOR = YES;
				GCC_WARN_UNINITIALIZED_AUTOS = YES_AGGRESSIVE;
				GCC_WARN_UNUSED_FUNCTION = YES;
				GCC_WARN_UNUSED_VARIABLE = YES;
				IPHONEOS_DEPLOYMENT_TARGET = 15.2;
				MTL_ENABLE_DEBUG_INFO = INCLUDE_SOURCE;
				MTL_FAST_MATH = YES;
				ONLY_ACTIVE_ARCH = YES;
				SDKROOT = iphoneos;
				SWIFT_ACTIVE_COMPILATION_CONDITIONS = DEBUG;
				SWIFT_OPTIMIZATION_LEVEL = "-Onone";
			};
			name = Debug;
		};
		2C45C5972BAA177100F353DF /* Release */ = {
			isa = XCBuildConfiguration;
			buildSettings = {
				ALWAYS_SEARCH_USER_PATHS = NO;
				CLANG_ANALYZER_NONNULL = YES;
				CLANG_ANALYZER_NUMBER_OBJECT_CONVERSION = YES_AGGRESSIVE;
				CLANG_CXX_LANGUAGE_STANDARD = "gnu++17";
				CLANG_CXX_LIBRARY = "libc++";
				CLANG_ENABLE_MODULES = YES;
				CLANG_ENABLE_OBJC_ARC = YES;
				CLANG_ENABLE_OBJC_WEAK = YES;
				CLANG_WARN_BLOCK_CAPTURE_AUTORELEASING = YES;
				CLANG_WARN_BOOL_CONVERSION = YES;
				CLANG_WARN_COMMA = YES;
				CLANG_WARN_CONSTANT_CONVERSION = YES;
				CLANG_WARN_DEPRECATED_OBJC_IMPLEMENTATIONS = YES;
				CLANG_WARN_DIRECT_OBJC_ISA_USAGE = YES_ERROR;
				CLANG_WARN_DOCUMENTATION_COMMENTS = YES;
				CLANG_WARN_EMPTY_BODY = YES;
				CLANG_WARN_ENUM_CONVERSION = YES;
				CLANG_WARN_INFINITE_RECURSION = YES;
				CLANG_WARN_INT_CONVERSION = YES;
				CLANG_WARN_NON_LITERAL_NULL_CONVERSION = YES;
				CLANG_WARN_OBJC_IMPLICIT_RETAIN_SELF = YES;
				CLANG_WARN_OBJC_LITERAL_CONVERSION = YES;
				CLANG_WARN_OBJC_ROOT_CLASS = YES_ERROR;
				CLANG_WARN_QUOTED_INCLUDE_IN_FRAMEWORK_HEADER = YES;
				CLANG_WARN_RANGE_LOOP_ANALYSIS = YES;
				CLANG_WARN_STRICT_PROTOTYPES = YES;
				CLANG_WARN_SUSPICIOUS_MOVE = YES;
				CLANG_WARN_UNGUARDED_AVAILABILITY = YES_AGGRESSIVE;
				CLANG_WARN_UNREACHABLE_CODE = YES;
				CLANG_WARN__DUPLICATE_METHOD_MATCH = YES;
				COPY_PHASE_STRIP = NO;
				DEBUG_INFORMATION_FORMAT = "dwarf-with-dsym";
				ENABLE_NS_ASSERTIONS = NO;
				ENABLE_STRICT_OBJC_MSGSEND = YES;
				GCC_C_LANGUAGE_STANDARD = gnu11;
				GCC_NO_COMMON_BLOCKS = YES;
				GCC_WARN_64_TO_32_BIT_CONVERSION = YES;
				GCC_WARN_ABOUT_RETURN_TYPE = YES_ERROR;
				GCC_WARN_UNDECLARED_SELECTOR = YES;
				GCC_WARN_UNINITIALIZED_AUTOS = YES_AGGRESSIVE;
				GCC_WARN_UNUSED_FUNCTION = YES;
				GCC_WARN_UNUSED_VARIABLE = YES;
				IPHONEOS_DEPLOYMENT_TARGET = 15.2;
				MTL_ENABLE_DEBUG_INFO = NO;
				MTL_FAST_MATH = YES;
				SDKROOT = iphoneos;
				SWIFT_COMPILATION_MODE = wholemodule;
				SWIFT_OPTIMIZATION_LEVEL = "-O";
				VALIDATE_PRODUCT = YES;
			};
			name = Release;
		};
		2C45C5992BAA177100F353DF /* Debug */ = {
			isa = XCBuildConfiguration;
			buildSettings = {
				ASSETCATALOG_COMPILER_APPICON_NAME = AppIcon;
				ASSETCATALOG_COMPILER_GLOBAL_ACCENT_COLOR_NAME = AccentColor;
				CODE_SIGN_STYLE = Automatic;
				CURRENT_PROJECT_VERSION = 1;
				DEVELOPMENT_ASSET_PATHS = "\"Isister/Preview Content\"";
				DEVELOPMENT_TEAM = BNSAC4MJU2;
				ENABLE_PREVIEWS = YES;
				GENERATE_INFOPLIST_FILE = YES;
				INFOPLIST_KEY_UIApplicationSceneManifest_Generation = YES;
				INFOPLIST_KEY_UIApplicationSupportsIndirectInputEvents = YES;
				INFOPLIST_KEY_UILaunchScreen_Generation = YES;
				INFOPLIST_KEY_UISupportedInterfaceOrientations_iPad = "UIInterfaceOrientationPortrait UIInterfaceOrientationPortraitUpsideDown UIInterfaceOrientationLandscapeLeft UIInterfaceOrientationLandscapeRight";
				INFOPLIST_KEY_UISupportedInterfaceOrientations_iPhone = "UIInterfaceOrientationPortrait UIInterfaceOrientationLandscapeLeft UIInterfaceOrientationLandscapeRight";
				LD_RUNPATH_SEARCH_PATHS = (
					"$(inherited)",
					"@executable_path/Frameworks",
				);
				MARKETING_VERSION = 1.0;
				PRODUCT_BUNDLE_IDENTIFIER = org.isister.Isister;
				PRODUCT_NAME = "$(TARGET_NAME)";
				SWIFT_EMIT_LOC_STRINGS = YES;
				SWIFT_VERSION = 5.0;
				TARGETED_DEVICE_FAMILY = "1,2";
			};
			name = Debug;
		};
		2C45C59A2BAA177100F353DF /* Release */ = {
			isa = XCBuildConfiguration;
			buildSettings = {
				ASSETCATALOG_COMPILER_APPICON_NAME = AppIcon;
				ASSETCATALOG_COMPILER_GLOBAL_ACCENT_COLOR_NAME = AccentColor;
				CODE_SIGN_STYLE = Automatic;
				CURRENT_PROJECT_VERSION = 1;
				DEVELOPMENT_ASSET_PATHS = "\"Isister/Preview Content\"";
				DEVELOPMENT_TEAM = BNSAC4MJU2;
				ENABLE_PREVIEWS = YES;
				GENERATE_INFOPLIST_FILE = YES;
				INFOPLIST_KEY_UIApplicationSceneManifest_Generation = YES;
				INFOPLIST_KEY_UIApplicationSupportsIndirectInputEvents = YES;
				INFOPLIST_KEY_UILaunchScreen_Generation = YES;
				INFOPLIST_KEY_UISupportedInterfaceOrientations_iPad = "UIInterfaceOrientationPortrait UIInterfaceOrientationPortraitUpsideDown UIInterfaceOrientationLandscapeLeft UIInterfaceOrientationLandscapeRight";
				INFOPLIST_KEY_UISupportedInterfaceOrientations_iPhone = "UIInterfaceOrientationPortrait UIInterfaceOrientationLandscapeLeft UIInterfaceOrientationLandscapeRight";
				LD_RUNPATH_SEARCH_PATHS = (
					"$(inherited)",
					"@executable_path/Frameworks",
				);
				MARKETING_VERSION = 1.0;
				PRODUCT_BUNDLE_IDENTIFIER = org.isister.Isister;
				PRODUCT_NAME = "$(TARGET_NAME)";
				SWIFT_EMIT_LOC_STRINGS = YES;
				SWIFT_VERSION = 5.0;
				TARGETED_DEVICE_FAMILY = "1,2";
			};
			name = Release;
		};
/* End XCBuildConfiguration section */

/* Begin XCConfigurationList section */
		2C45C5802BAA176E00F353DF /* Build configuration list for PBXProject "Isister" */ = {
			isa = XCConfigurationList;
			buildConfigurations = (
				2C45C5962BAA177100F353DF /* Debug */,
				2C45C5972BAA177100F353DF /* Release */,
			);
			defaultConfigurationIsVisible = 0;
			defaultConfigurationName = Release;
		};
		2C45C5982BAA177100F353DF /* Build configuration list for PBXNativeTarget "Isister" */ = {
			isa = XCConfigurationList;
			buildConfigurations = (
				2C45C5992BAA177100F353DF /* Debug */,
				2C45C59A2BAA177100F353DF /* Release */,
			);
			defaultConfigurationIsVisible = 0;
			defaultConfigurationName = Release;
		};
/* End XCConfigurationList section */

/* Begin XCRemoteSwiftPackageReference section */
		2C45C5C02BAB617C00F353DF /* XCRemoteSwiftPackageReference "Alamofire" */ = {
			isa = XCRemoteSwiftPackageReference;
			repositoryURL = "https://github.com/Alamofire/Alamofire";
			requirement = {
				kind = exactVersion;
				version = 5.6.0;
			};
		};
/* End XCRemoteSwiftPackageReference section */

/* Begin XCSwiftPackageProductDependency section */
		2C45C5C12BAB617C00F353DF /* Alamofire */ = {
			isa = XCSwiftPackageProductDependency;
			package = 2C45C5C02BAB617C00F353DF /* XCRemoteSwiftPackageReference "Alamofire" */;
			productName = Alamofire;
		};
/* End XCSwiftPackageProductDependency section */

/* Begin XCVersionGroup section */
		2C45C5932BAA177100F353DF /* Isister.xcdatamodeld */ = {
			isa = XCVersionGroup;
			children = (
				2C45C5942BAA177100F353DF /* Isister.xcdatamodel */,
			);
			currentVersion = 2C45C5942BAA177100F353DF /* Isister.xcdatamodel */;
			path = Isister.xcdatamodeld;
			sourceTree = "<group>";
			versionGroupType = wrapper.xcdatamodel;
		};
/* End XCVersionGroup section */
	};
	rootObject = 2C45C57D2BAA176E00F353DF /* Project object */;
}
